
Microsoft Visual Studio Solution File, Format Version 12.00
# Visual Studio Version 16
VisualStudioVersion = 16.0.31515.178
MinimumVisualStudioVersion = 10.0.40219.1
Project("{FAE04EC0-301F-11D3-BF4B-00C04F79EFBC}") = "ANMF", "ANMF.csproj", "{CA91495C-54C9-4184-B52A-E04459A9F346}"
EndProject
Global
	GlobalSection(SolutionConfigurationPlatforms) = preSolution
		Debug|Any CPU = Debug|Any CPU
		Release|Any CPU = Release|Any CPU
	EndGlobalSection
	GlobalSection(ProjectConfigurationPlatforms) = postSolution
		{CA91495C-54C9-4184-B52A-E04459A9F346}.Debug|Any CPU.ActiveCfg = Debug|Any CPU
		{CA91495C-54C9-4184-B52A-E04459A9F346}.Debug|Any CPU.Build.0 = Debug|Any CPU
		{CA91495C-54C9-4184-B52A-E04459A9F346}.Release|Any CPU.ActiveCfg = Release|Any CPU
		{CA91495C-54C9-4184-B52A-E04459A9F346}.Release|Any CPU.Build.0 = Release|Any CPU
	EndGlobalSection
	GlobalSection(SolutionProperties) = preSolution
		HideSolutionNode = FALSE
	EndGlobalSection
	GlobalSection(ExtensibilityGlobals) = postSolution
		SolutionGuid = {60D3241A-F20A-483A-B280-BB6A0C8C8A8F}
	EndGlobalSection
EndGlobal
